
Microsoft Visual Studio Solution File, Format Version 12.00
# Visual Studio Version 16
VisualStudioVersion = 16.0.30711.63
MinimumVisualStudioVersion = 10.0.40219.1
Project("{FAE04EC0-301F-11D3-BF4B-00C04F79EFBC}") = "WpfApp1", "WpfApp1\WpfApp1.csproj", "{AA744284-4E7A-45CB-B6BE-AD593DE6F7F6}"
EndProject
Global
	GlobalSection(SolutionConfigurationPlatforms) = preSolution
		Debug|Any CPU = Debug|Any CPU
		Release|Any CPU = Release|Any CPU
	EndGlobalSection
	GlobalSection(ProjectConfigurationPlatforms) = postSolution
		{AA744284-4E7A-45CB-B6BE-AD593DE6F7F6}.Debug|Any CPU.ActiveCfg = Debug|Any CPU
		{AA744284-4E7A-45CB-B6BE-AD593DE6F7F6}.Debug|Any CPU.Build.0 = Debug|Any CPU
		{AA744284-4E7A-45CB-B6BE-AD593DE6F7F6}.Release|Any CPU.ActiveCfg = Release|Any CPU
		{AA744284-4E7A-45CB-B6BE-AD593DE6F7F6}.Release|Any CPU.Build.0 = Release|Any CPU
	EndGlobalSection
	GlobalSection(SolutionProperties) = preSolution
		HideSolutionNode = FALSE
	EndGlobalSection
	GlobalSection(ExtensibilityGlobals) = postSolution
		SolutionGuid = {F9CA32E4-E7DE-424E-B739-B07B68C8BC8D}
	EndGlobalSection
EndGlobal
